{
  "name": "tree-sitter-plumb",
  "version": "0.1.0",
  "lockfileVersion": 3,
  "requires": true,
  "packages": {
    "": {
      "name": "tree-sitter-plumb",
      "version": "0.1.0",
      "license": "MIT",
      "dependencies": {
        "node-addon-api": "^8.3.1",
        "node-gyp-build": "^4.8.4"
      },
      "devDependencies": {
        "tree-sitter-cli": "^0.26.0"
      },
      "peerDependencies": {
        "tree-sitter": "^0.25.0"
      }
    },
    "node_modules/node-addon-api": {
      "version": "8.9.0",
      "resolved": "https://registry.npmjs.org/node-addon-api/-/node-addon-api-8.9.0.tgz",
      "integrity": "sha512-ekZMeaaIzSQTSpr7X2X3iJM7lTzgnx8ahAG9pJfT/7+14mlEM8ZYQ9cgCDvSSRbReFK0oHli3WrZdCiRsgAT9Q==",
      "license": "MIT",
      "engines": {
        "node": "^18 || ^20 || >= 21"
      }
    },
    "node_modules/node-gyp-build": {
      "version": "4.8.4",
      "resolved": "https://registry.npmjs.org/node-gyp-build/-/node-gyp-build-4.8.4.tgz",
      "integrity": "sha512-LA4ZjwlnUblHVgq0oBF3Jl/6h/Nvs5fzBLwdEF4nuxnFdsfajde4WfxtJr3CaiH+F6ewcIB/q4jQ4UzPyid+CQ==",
      "license": "MIT",
      "bin": {
        "node-gyp-build": "bin.js",
        "node-gyp-build-optional": "optional.js",
        "node-gyp-build-test": "build-test.js"
      }
    },
    "node_modules/tree-sitter": {
      "version": "0.25.0",
      "resolved": "https://registry.npmjs.org/tree-sitter/-/tree-sitter-0.25.0.tgz",
      "integrity": "sha512-PGZZzFW63eElZJDe/b/R/LbsjDDYJa5UEjLZJB59RQsMX+fo0j54fqBPn1MGKav/QNa0JR0zBiVaikYDWCj5KQ==",
      "hasInstallScript": true,
      "license": "MIT",
      "peer": true,
      "dependencies": {
        "node-addon-api": "^8.3.0",
        "node-gyp-build": "^4.8.4"
      }
    },
    "node_modules/tree-sitter-cli": {
      "version": "0.26.11",
      "resolved": "https://registry.npmjs.org/tree-sitter-cli/-/tree-sitter-cli-0.26.11.tgz",
      "integrity": "sha512-/hRCA0Ehkgk6B5WTYSiENk1R2Zv3LJcfvL3wjofzx+EYaKySZDu0agGRQcccay9Lg7wxJWsDa9cTRS92wsM5gQ==",
      "dev": true,
      "hasInstallScript": true,
      "license": "MIT",
      "bin": {
        "tree-sitter": "cli.js"
      },
      "engines": {
        "node": ">=12.0.0"
      }
    }
  }
}
